
Microsoft Visual Studio Solution File, Format Version 12.00
# Visual Studio Version 16
VisualStudioVersion = 16.0.31515.178
MinimumVisualStudioVersion = 10.0.40219.1
Project("{FAE04EC0-301F-11D3-BF4B-00C04F79EFBC}") = "WebApplicationCMS", "WebApplicationCMS\WebApplicationCMS.csproj", "{5B722999-744D-4605-A271-F8324B8C206A}"
EndProject
Project("{FAE04EC0-301F-11D3-BF4B-00C04F79EFBC}") = "Models", "Models\Models.csproj", "{D2A20F9D-B98A-422F-B471-C715FE7336A3}"
EndProject
Global
	GlobalSection(SolutionConfigurationPlatforms) = preSolution
		Debug|Any CPU = Debug|Any CPU
		Release|Any CPU = Release|Any CPU
	EndGlobalSection
	GlobalSection(ProjectConfigurationPlatforms) = postSolution
		{5B722999-744D-4605-A271-F8324B8C206A}.Debug|Any CPU.ActiveCfg = Debug|Any CPU
		{5B722999-744D-4605-A271-F8324B8C206A}.Debug|Any CPU.Build.0 = Debug|Any CPU
		{5B722999-744D-4605-A271-F8324B8C206A}.Release|Any CPU.ActiveCfg = Release|Any CPU
		{5B722999-744D-4605-A271-F8324B8C206A}.Release|Any CPU.Build.0 = Release|Any CPU
		{D2A20F9D-B98A-422F-B471-C715FE7336A3}.Debug|Any CPU.ActiveCfg = Debug|Any CPU
		{D2A20F9D-B98A-422F-B471-C715FE7336A3}.Debug|Any CPU.Build.0 = Debug|Any CPU
		{D2A20F9D-B98A-422F-B471-C715FE7336A3}.Release|Any CPU.ActiveCfg = Release|Any CPU
		{D2A20F9D-B98A-422F-B471-C715FE7336A3}.Release|Any CPU.Build.0 = Release|Any CPU
	EndGlobalSection
	GlobalSection(SolutionProperties) = preSolution
		HideSolutionNode = FALSE
	EndGlobalSection
	GlobalSection(ExtensibilityGlobals) = postSolution
		SolutionGuid = {B52461B3-D79E-4F99-90A4-B3B84418002C}
	EndGlobalSection
EndGlobal
